
Microsoft Visual Studio Solution File, Format Version 12.00
# Visual Studio 14
VisualStudioVersion = 14.0.25420.1
MinimumVisualStudioVersion = 10.0.40219.1
Project("{FAE04EC0-301F-11D3-BF4B-00C04F79EFBC}") = "Implement-Stack-using-2-Queues", "Implement-Stack-using-2-Queues\Implement-Stack-using-2-Queues.csproj", "{08C87F9F-04AE-4A63-9E8C-C0EB6A7F373E}"
EndProject
Global
	GlobalSection(SolutionConfigurationPlatforms) = preSolution
		Debug|Any CPU = Debug|Any CPU
		Release|Any CPU = Release|Any CPU
	EndGlobalSection
	GlobalSection(ProjectConfigurationPlatforms) = postSolution
		{08C87F9F-04AE-4A63-9E8C-C0EB6A7F373E}.Debug|Any CPU.ActiveCfg = Debug|Any CPU
		{08C87F9F-04AE-4A63-9E8C-C0EB6A7F373E}.Debug|Any CPU.Build.0 = Debug|Any CPU
		{08C87F9F-04AE-4A63-9E8C-C0EB6A7F373E}.Release|Any CPU.ActiveCfg = Release|Any CPU
		{08C87F9F-04AE-4A63-9E8C-C0EB6A7F373E}.Release|Any CPU.Build.0 = Release|Any CPU
	EndGlobalSection
	GlobalSection(SolutionProperties) = preSolution
		HideSolutionNode = FALSE
	EndGlobalSection
EndGlobal
